
Microsoft Visual Studio Solution File, Format Version 12.00
# Visual Studio Version 16
VisualStudioVersion = 16.0.30717.126
MinimumVisualStudioVersion = 10.0.40219.1
Project("{9A19103F-16F7-4668-BE54-9A1E7A4F7556}") = "Interfaces", "ConsoleApp1\Interfaces.csproj", "{4EB45882-C947-4017-860D-2585B60FE6E1}"
EndProject
Project("{2150E333-8FDC-42A3-9474-1A3956D46DE8}") = "IList", "IList", "{26B31D26-21A0-40A5-A2A2-04723D5C1652}"
EndProject
Project("{9A19103F-16F7-4668-BE54-9A1E7A4F7556}") = "MyInterfaces", "MyInterfaces\MyInterfaces.csproj", "{D78E9041-8A99-4C9E-B38F-B1A9B6A7DF13}"
EndProject
Project("{2150E333-8FDC-42A3-9474-1A3956D46DE8}") = "delegate", "delegate", "{398DD8C9-47EF-4B05-A1DC-D7633D83BAD7}"
EndProject
Project("{9A19103F-16F7-4668-BE54-9A1E7A4F7556}") = "MyDelegate", "MyDelegate\MyDelegate.csproj", "{9BD39BF4-F386-4535-9D37-1DCEDFFEDA67}"
EndProject
Project("{2150E333-8FDC-42A3-9474-1A3956D46DE8}") = "home", "home", "{96008B65-66CD-41D7-9A6C-9C4A8AA730B8}"
EndProject
Project("{9A19103F-16F7-4668-BE54-9A1E7A4F7556}") = "HouseBuilding", "HouseBuilding\HouseBuilding.csproj", "{178795D9-E57C-438B-8EC3-DB29470DCA0C}"
EndProject
Project("{2150E333-8FDC-42A3-9474-1A3956D46DE8}") = "Serialization", "Serialization", "{156B446F-184E-4643-A86C-1185D08EAA22}"
EndProject
Project("{9A19103F-16F7-4668-BE54-9A1E7A4F7556}") = "MySerialization", "MySerialization\MySerialization.csproj", "{E6671307-0286-44EC-AD49-3788ED6CD1BE}"
EndProject
Project("{2150E333-8FDC-42A3-9474-1A3956D46DE8}") = "Basics", "Basics", "{6B50112E-2439-4ABC-8AF2-7A5802187513}"
EndProject
Project("{2150E333-8FDC-42A3-9474-1A3956D46DE8}") = "WinForms", "WinForms", "{190A232D-99AB-4D20-BCDF-F8CDEBC88E6C}"
EndProject
Project("{9A19103F-16F7-4668-BE54-9A1E7A4F7556}") = "Overview", "Overview\Overview.csproj", "{CCD04CD6-D20F-4841-AE9F-D094FB7FC004}"
EndProject
Project("{9A19103F-16F7-4668-BE54-9A1E7A4F7556}") = "CountClick", "CountClick\CountClick.csproj", "{77FE52F0-E6E3-4958-9D72-22E023B07904}"
EndProject
Project("{9A19103F-16F7-4668-BE54-9A1E7A4F7556}") = "RectangleBorders", "RectangleBorders\RectangleBorders.csproj", "{2A2BFB87-8F3F-46FD-9659-DDDBBA786E01}"
EndProject
Project("{9A19103F-16F7-4668-BE54-9A1E7A4F7556}") = "MoveForm", "MoveForm\MoveForm.csproj", "{B2C16C84-D11C-4B30-9CF4-2BA59F154C4D}"
EndProject
Project("{2150E333-8FDC-42A3-9474-1A3956D46DE8}") = "Practik", "Practik", "{C5DE1763-0BB7-4DE8-93B0-263AE2CF43FA}"
EndProject
Project("{9A19103F-16F7-4668-BE54-9A1E7A4F7556}") = "ToDos", "ToDos\ToDos.csproj", "{53B95BD4-AF8B-48FE-8527-8E44E2C8DDCE}"
EndProject
Project("{2150E333-8FDC-42A3-9474-1A3956D46DE8}") = "AvtoZapravka", "AvtoZapravka", "{F24C63BF-9101-4FDE-B0D6-498EDD1BD0C6}"
EndProject
Project("{9A19103F-16F7-4668-BE54-9A1E7A4F7556}") = "Avto_Zapravka", "Avto_Zapravka\Avto_Zapravka.csproj", "{E1ED3AA7-2134-4791-9751-666DDC5A60C5}"
EndProject
Project("{2150E333-8FDC-42A3-9474-1A3956D46DE8}") = "AdoNet", "AdoNet", "{CDB34E09-5810-45C7-88F0-F8CAE0BEFB5F}"
EndProject
Project("{9A19103F-16F7-4668-BE54-9A1E7A4F7556}") = "VegetablesAndFruits", "VegetablesAndFruits\VegetablesAndFruits.csproj", "{8BD06B6F-4F06-4A15-90C7-9905788F735F}"
EndProject
Project("{2150E333-8FDC-42A3-9474-1A3956D46DE8}") = "MyTesting", "MyTesting", "{3C7545C8-4F66-4DFA-B858-1FC5B313B758}"
EndProject
Project("{9A19103F-16F7-4668-BE54-9A1E7A4F7556}") = "Calculator.Test", "Calculator.Test\Calculator.Test.csproj", "{8E4950C3-8D29-4E0D-9CC6-0786E15FE848}"
EndProject
Project("{9A19103F-16F7-4668-BE54-9A1E7A4F7556}") = "ClassLibrary1", "ClassLibrary1\ClassLibrary1.csproj", "{BF2EF6C3-120A-444B-A5A6-220E82674F19}"
EndProject
Project("{2150E333-8FDC-42A3-9474-1A3956D46DE8}") = "codewars", "codewars", "{E3E64DDE-2759-45D8-80FC-1E1B0091BE84}"
EndProject
Project("{9A19103F-16F7-4668-BE54-9A1E7A4F7556}") = "MyStrRevert", "MyStrRevert\MyStrRevert.csproj", "{2F16A4E6-D6EA-4786-A0AA-EBADD351477D}"
EndProject
Project("{2150E333-8FDC-42A3-9474-1A3956D46DE8}") = "VegetablesFruits", "VegetablesFruits", "{66A0AAA8-1447-4F93-BB55-5D0063ED441B}"
EndProject
Project("{2150E333-8FDC-42A3-9474-1A3956D46DE8}") = "Repository2", "Repository2", "{347D7962-1374-4BC7-B9AC-EFF8C4C38E55}"
EndProject
Project("{FAE04EC0-301F-11D3-BF4B-00C04F79EFBC}") = "Repository2CRUD", "Repository2CRUD\Repository2CRUD.csproj", "{E989E913-EE45-4F9F-AB92-F2993E50D3C5}"
EndProject
Global
	GlobalSection(SolutionConfigurationPlatforms) = preSolution
		Debug|Any CPU = Debug|Any CPU
		Release|Any CPU = Release|Any CPU
	EndGlobalSection
	GlobalSection(ProjectConfigurationPlatforms) = postSolution
		{4EB45882-C947-4017-860D-2585B60FE6E1}.Debug|Any CPU.ActiveCfg = Debug|Any CPU
		{4EB45882-C947-4017-860D-2585B60FE6E1}.Debug|Any CPU.Build.0 = Debug|Any CPU
		{4EB45882-C947-4017-860D-2585B60FE6E1}.Release|Any CPU.ActiveCfg = Release|Any CPU
		{4EB45882-C947-4017-860D-2585B60FE6E1}.Release|Any CPU.Build.0 = Release|Any CPU
		{D78E9041-8A99-4C9E-B38F-B1A9B6A7DF13}.Debug|Any CPU.ActiveCfg = Debug|Any CPU
		{D78E9041-8A99-4C9E-B38F-B1A9B6A7DF13}.Debug|Any CPU.Build.0 = Debug|Any CPU
		{D78E9041-8A99-4C9E-B38F-B1A9B6A7DF13}.Release|Any CPU.ActiveCfg = Release|Any CPU
		{D78E9041-8A99-4C9E-B38F-B1A9B6A7DF13}.Release|Any CPU.Build.0 = Release|Any CPU
		{9BD39BF4-F386-4535-9D37-1DCEDFFEDA67}.Debug|Any CPU.ActiveCfg = Debug|Any CPU
		{9BD39BF4-F386-4535-9D37-1DCEDFFEDA67}.Debug|Any CPU.Build.0 = Debug|Any CPU
		{9BD39BF4-F386-4535-9D37-1DCEDFFEDA67}.Release|Any CPU.ActiveCfg = Release|Any CPU
		{9BD39BF4-F386-4535-9D37-1DCEDFFEDA67}.Release|Any CPU.Build.0 = Release|Any CPU
		{178795D9-E57C-438B-8EC3-DB29470DCA0C}.Debug|Any CPU.ActiveCfg = Debug|Any CPU
		{178795D9-E57C-438B-8EC3-DB29470DCA0C}.Debug|Any CPU.Build.0 = Debug|Any CPU
		{178795D9-E57C-438B-8EC3-DB29470DCA0C}.Release|Any CPU.ActiveCfg = Release|Any CPU
		{178795D9-E57C-438B-8EC3-DB29470DCA0C}.Release|Any CPU.Build.0 = Release|Any CPU
		{E6671307-0286-44EC-AD49-3788ED6CD1BE}.Debug|Any CPU.ActiveCfg = Debug|Any CPU
		{E6671307-0286-44EC-AD49-3788ED6CD1BE}.Debug|Any CPU.Build.0 = Debug|Any CPU
		{E6671307-0286-44EC-AD49-3788ED6CD1BE}.Release|Any CPU.ActiveCfg = Release|Any CPU
		{E6671307-0286-44EC-AD49-3788ED6CD1BE}.Release|Any CPU.Build.0 = Release|Any CPU
		{CCD04CD6-D20F-4841-AE9F-D094FB7FC004}.Debug|Any CPU.ActiveCfg = Debug|Any CPU
		{CCD04CD6-D20F-4841-AE9F-D094FB7FC004}.Debug|Any CPU.Build.0 = Debug|Any CPU
		{CCD04CD6-D20F-4841-AE9F-D094FB7FC004}.Release|Any CPU.ActiveCfg = Release|Any CPU
		{CCD04CD6-D20F-4841-AE9F-D094FB7FC004}.Release|Any CPU.Build.0 = Release|Any CPU
		{77FE52F0-E6E3-4958-9D72-22E023B07904}.Debug|Any CPU.ActiveCfg = Debug|Any CPU
		{77FE52F0-E6E3-4958-9D72-22E023B07904}.Debug|Any CPU.Build.0 = Debug|Any CPU
		{77FE52F0-E6E3-4958-9D72-22E023B07904}.Release|Any CPU.ActiveCfg = Release|Any CPU
		{77FE52F0-E6E3-4958-9D72-22E023B07904}.Release|Any CPU.Build.0 = Release|Any CPU
		{2A2BFB87-8F3F-46FD-9659-DDDBBA786E01}.Debug|Any CPU.ActiveCfg = Debug|Any CPU
		{2A2BFB87-8F3F-46FD-9659-DDDBBA786E01}.Debug|Any CPU.Build.0 = Debug|Any CPU
		{2A2BFB87-8F3F-46FD-9659-DDDBBA786E01}.Release|Any CPU.ActiveCfg = Release|Any CPU
		{2A2BFB87-8F3F-46FD-9659-DDDBBA786E01}.Release|Any CPU.Build.0 = Release|Any CPU
		{B2C16C84-D11C-4B30-9CF4-2BA59F154C4D}.Debug|Any CPU.ActiveCfg = Debug|Any CPU
		{B2C16C84-D11C-4B30-9CF4-2BA59F154C4D}.Debug|Any CPU.Build.0 = Debug|Any CPU
		{B2C16C84-D11C-4B30-9CF4-2BA59F154C4D}.Release|Any CPU.ActiveCfg = Release|Any CPU
		{B2C16C84-D11C-4B30-9CF4-2BA59F154C4D}.Release|Any CPU.Build.0 = Release|Any CPU
		{53B95BD4-AF8B-48FE-8527-8E44E2C8DDCE}.Debug|Any CPU.ActiveCfg = Debug|Any CPU
		{53B95BD4-AF8B-48FE-8527-8E44E2C8DDCE}.Debug|Any CPU.Build.0 = Debug|Any CPU
		{53B95BD4-AF8B-48FE-8527-8E44E2C8DDCE}.Release|Any CPU.ActiveCfg = Release|Any CPU
		{53B95BD4-AF8B-48FE-8527-8E44E2C8DDCE}.Release|Any CPU.Build.0 = Release|Any CPU
		{E1ED3AA7-2134-4791-9751-666DDC5A60C5}.Debug|Any CPU.ActiveCfg = Debug|Any CPU
		{E1ED3AA7-2134-4791-9751-666DDC5A60C5}.Debug|Any CPU.Build.0 = Debug|Any CPU
		{E1ED3AA7-2134-4791-9751-666DDC5A60C5}.Release|Any CPU.ActiveCfg = Release|Any CPU
		{E1ED3AA7-2134-4791-9751-666DDC5A60C5}.Release|Any CPU.Build.0 = Release|Any CPU
		{8BD06B6F-4F06-4A15-90C7-9905788F735F}.Debug|Any CPU.ActiveCfg = Debug|Any CPU
		{8BD06B6F-4F06-4A15-90C7-9905788F735F}.Debug|Any CPU.Build.0 = Debug|Any CPU
		{8BD06B6F-4F06-4A15-90C7-9905788F735F}.Release|Any CPU.ActiveCfg = Release|Any CPU
		{8BD06B6F-4F06-4A15-90C7-9905788F735F}.Release|Any CPU.Build.0 = Release|Any CPU
		{8E4950C3-8D29-4E0D-9CC6-0786E15FE848}.Debug|Any CPU.ActiveCfg = Debug|Any CPU
		{8E4950C3-8D29-4E0D-9CC6-0786E15FE848}.Debug|Any CPU.Build.0 = Debug|Any CPU
		{8E4950C3-8D29-4E0D-9CC6-0786E15FE848}.Release|Any CPU.ActiveCfg = Release|Any CPU
		{8E4950C3-8D29-4E0D-9CC6-0786E15FE848}.Release|Any CPU.Build.0 = Release|Any CPU
		{BF2EF6C3-120A-444B-A5A6-220E82674F19}.Debug|Any CPU.ActiveCfg = Debug|Any CPU
		{BF2EF6C3-120A-444B-A5A6-220E82674F19}.Debug|Any CPU.Build.0 = Debug|Any CPU
		{BF2EF6C3-120A-444B-A5A6-220E82674F19}.Release|Any CPU.ActiveCfg = Release|Any CPU
		{BF2EF6C3-120A-444B-A5A6-220E82674F19}.Release|Any CPU.Build.0 = Release|Any CPU
		{2F16A4E6-D6EA-4786-A0AA-EBADD351477D}.Debug|Any CPU.ActiveCfg = Debug|Any CPU
		{2F16A4E6-D6EA-4786-A0AA-EBADD351477D}.Debug|Any CPU.Build.0 = Debug|Any CPU
		{2F16A4E6-D6EA-4786-A0AA-EBADD351477D}.Release|Any CPU.ActiveCfg = Release|Any CPU
		{2F16A4E6-D6EA-4786-A0AA-EBADD351477D}.Release|Any CPU.Build.0 = Release|Any CPU
		{E989E913-EE45-4F9F-AB92-F2993E50D3C5}.Debug|Any CPU.ActiveCfg = Debug|Any CPU
		{E989E913-EE45-4F9F-AB92-F2993E50D3C5}.Debug|Any CPU.Build.0 = Debug|Any CPU
		{E989E913-EE45-4F9F-AB92-F2993E50D3C5}.Release|Any CPU.ActiveCfg = Release|Any CPU
		{E989E913-EE45-4F9F-AB92-F2993E50D3C5}.Release|Any CPU.Build.0 = Release|Any CPU
	EndGlobalSection
	GlobalSection(SolutionProperties) = preSolution
		HideSolutionNode = FALSE
	EndGlobalSection
	GlobalSection(NestedProjects) = preSolution
		{4EB45882-C947-4017-860D-2585B60FE6E1} = {6B50112E-2439-4ABC-8AF2-7A5802187513}
		{26B31D26-21A0-40A5-A2A2-04723D5C1652} = {6B50112E-2439-4ABC-8AF2-7A5802187513}
		{D78E9041-8A99-4C9E-B38F-B1A9B6A7DF13} = {26B31D26-21A0-40A5-A2A2-04723D5C1652}
		{398DD8C9-47EF-4B05-A1DC-D7633D83BAD7} = {6B50112E-2439-4ABC-8AF2-7A5802187513}
		{9BD39BF4-F386-4535-9D37-1DCEDFFEDA67} = {398DD8C9-47EF-4B05-A1DC-D7633D83BAD7}
		{96008B65-66CD-41D7-9A6C-9C4A8AA730B8} = {6B50112E-2439-4ABC-8AF2-7A5802187513}
		{178795D9-E57C-438B-8EC3-DB29470DCA0C} = {96008B65-66CD-41D7-9A6C-9C4A8AA730B8}
		{156B446F-184E-4643-A86C-1185D08EAA22} = {6B50112E-2439-4ABC-8AF2-7A5802187513}
		{E6671307-0286-44EC-AD49-3788ED6CD1BE} = {156B446F-184E-4643-A86C-1185D08EAA22}
		{CCD04CD6-D20F-4841-AE9F-D094FB7FC004} = {190A232D-99AB-4D20-BCDF-F8CDEBC88E6C}
		{77FE52F0-E6E3-4958-9D72-22E023B07904} = {190A232D-99AB-4D20-BCDF-F8CDEBC88E6C}
		{2A2BFB87-8F3F-46FD-9659-DDDBBA786E01} = {190A232D-99AB-4D20-BCDF-F8CDEBC88E6C}
		{B2C16C84-D11C-4B30-9CF4-2BA59F154C4D} = {190A232D-99AB-4D20-BCDF-F8CDEBC88E6C}
		{C5DE1763-0BB7-4DE8-93B0-263AE2CF43FA} = {6B50112E-2439-4ABC-8AF2-7A5802187513}
		{53B95BD4-AF8B-48FE-8527-8E44E2C8DDCE} = {C5DE1763-0BB7-4DE8-93B0-263AE2CF43FA}
		{F24C63BF-9101-4FDE-B0D6-498EDD1BD0C6} = {190A232D-99AB-4D20-BCDF-F8CDEBC88E6C}
		{E1ED3AA7-2134-4791-9751-666DDC5A60C5} = {F24C63BF-9101-4FDE-B0D6-498EDD1BD0C6}
		{8BD06B6F-4F06-4A15-90C7-9905788F735F} = {66A0AAA8-1447-4F93-BB55-5D0063ED441B}
		{8E4950C3-8D29-4E0D-9CC6-0786E15FE848} = {3C7545C8-4F66-4DFA-B858-1FC5B313B758}
		{BF2EF6C3-120A-444B-A5A6-220E82674F19} = {3C7545C8-4F66-4DFA-B858-1FC5B313B758}
		{E3E64DDE-2759-45D8-80FC-1E1B0091BE84} = {6B50112E-2439-4ABC-8AF2-7A5802187513}
		{2F16A4E6-D6EA-4786-A0AA-EBADD351477D} = {E3E64DDE-2759-45D8-80FC-1E1B0091BE84}
		{66A0AAA8-1447-4F93-BB55-5D0063ED441B} = {CDB34E09-5810-45C7-88F0-F8CAE0BEFB5F}
		{347D7962-1374-4BC7-B9AC-EFF8C4C38E55} = {CDB34E09-5810-45C7-88F0-F8CAE0BEFB5F}
		{E989E913-EE45-4F9F-AB92-F2993E50D3C5} = {347D7962-1374-4BC7-B9AC-EFF8C4C38E55}
	EndGlobalSection
	GlobalSection(ExtensibilityGlobals) = postSolution
		SolutionGuid = {F67A0874-D98C-4A36-91B8-B9717C7A0F0E}
	EndGlobalSection
EndGlobal
